
Microsoft Visual Studio Solution File, Format Version 12.00
# Visual Studio Version 16
VisualStudioVersion = 16.0.30011.22
MinimumVisualStudioVersion = 10.0.40219.1
Project("{FAE04EC0-301F-11D3-BF4B-00C04F79EFBC}") = "FootballСhampionship", "FootballСhampionship\FootballСhampionship.csproj", "{D6B095DB-13CF-47A6-A23F-DBDB33DB8589}"
EndProject
Global
	GlobalSection(SolutionConfigurationPlatforms) = preSolution
		Debug|Any CPU = Debug|Any CPU
		Release|Any CPU = Release|Any CPU
	EndGlobalSection
	GlobalSection(ProjectConfigurationPlatforms) = postSolution
		{D6B095DB-13CF-47A6-A23F-DBDB33DB8589}.Debug|Any CPU.ActiveCfg = Debug|Any CPU
		{D6B095DB-13CF-47A6-A23F-DBDB33DB8589}.Debug|Any CPU.Build.0 = Debug|Any CPU
		{D6B095DB-13CF-47A6-A23F-DBDB33DB8589}.Release|Any CPU.ActiveCfg = Release|Any CPU
		{D6B095DB-13CF-47A6-A23F-DBDB33DB8589}.Release|Any CPU.Build.0 = Release|Any CPU
	EndGlobalSection
	GlobalSection(SolutionProperties) = preSolution
		HideSolutionNode = FALSE
	EndGlobalSection
	GlobalSection(ExtensibilityGlobals) = postSolution
		SolutionGuid = {78134136-7C38-4663-B3ED-94C29FC2E52C}
	EndGlobalSection
EndGlobal
