
Microsoft Visual Studio Solution File, Format Version 12.00
# Visual Studio Version 16
VisualStudioVersion = 16.0.30011.22
MinimumVisualStudioVersion = 10.0.40219.1
Project("{FAE04EC0-301F-11D3-BF4B-00C04F79EFBC}") = "StatisticsOfDiscreteRandomVariableSimulation", "StatisticsOfDiscreteRandomVariableSimulation\StatisticsOfDiscreteRandomVariableSimulation.csproj", "{5DEBE337-55DC-44CA-B388-4ADBF5178AEC}"
EndProject
Global
	GlobalSection(SolutionConfigurationPlatforms) = preSolution
		Debug|Any CPU = Debug|Any CPU
		Release|Any CPU = Release|Any CPU
	EndGlobalSection
	GlobalSection(ProjectConfigurationPlatforms) = postSolution
		{5DEBE337-55DC-44CA-B388-4ADBF5178AEC}.Debug|Any CPU.ActiveCfg = Debug|Any CPU
		{5DEBE337-55DC-44CA-B388-4ADBF5178AEC}.Debug|Any CPU.Build.0 = Debug|Any CPU
		{5DEBE337-55DC-44CA-B388-4ADBF5178AEC}.Release|Any CPU.ActiveCfg = Release|Any CPU
		{5DEBE337-55DC-44CA-B388-4ADBF5178AEC}.Release|Any CPU.Build.0 = Release|Any CPU
	EndGlobalSection
	GlobalSection(SolutionProperties) = preSolution
		HideSolutionNode = FALSE
	EndGlobalSection
	GlobalSection(ExtensibilityGlobals) = postSolution
		SolutionGuid = {63680C66-86AF-4718-87A7-E1C3CD317BE5}
	EndGlobalSection
EndGlobal
